
Microsoft Visual Studio Solution File, Format Version 12.00
# Visual Studio Version 17
VisualStudioVersion = 17.10.35201.131
MinimumVisualStudioVersion = 10.0.40219.1
Project("{FAE04EC0-301F-11D3-BF4B-00C04F79EFBC}") = "01_MainSubjects", "01_MainSubjects\01_MainSubjects.csproj", "{1276B91D-19F0-4BD3-8850-1AF233BE21ED}"
EndProject
Project("{FAE04EC0-301F-11D3-BF4B-00C04F79EFBC}") = "02_Variables", "02_Variables\02_Variables.csproj", "{6E3A4D3E-09A2-4C89-8E86-638A9CAE7C01}"
EndProject
Project("{FAE04EC0-301F-11D3-BF4B-00C04F79EFBC}") = "03_MakingDecision", "03_MakingDecision\03_MakingDecision.csproj", "{41E7093F-7D87-410D-B33B-AA0349C694AD}"
EndProject
Project("{FAE04EC0-301F-11D3-BF4B-00C04F79EFBC}") = "04_Loops", "04_Loops\04_Loops.csproj", "{28FEDDF4-8F14-492A-BA89-E23F30110FAB}"
EndProject
Project("{FAE04EC0-301F-11D3-BF4B-00C04F79EFBC}") = "05_LoopsWithStars", "05_LoopsWithStars\05_LoopsWithStars.csproj", "{759A6190-A3FD-4F60-BC2A-BDBD59AC71C3}"
EndProject
Project("{FAE04EC0-301F-11D3-BF4B-00C04F79EFBC}") = "06_Arrays", "06_Arrays\06_Arrays.csproj", "{F6D831D9-BAB9-4E33-989E-E7AF5521122D}"
EndProject
Project("{FAE04EC0-301F-11D3-BF4B-00C04F79EFBC}") = "07_ForeachLoop", "07_ForeachLoop\07_ForeachLoop.csproj", "{313B3851-073E-4989-B1F6-2E8240DF43A8}"
EndProject
Global
	GlobalSection(SolutionConfigurationPlatforms) = preSolution
		Debug|Any CPU = Debug|Any CPU
		Release|Any CPU = Release|Any CPU
	EndGlobalSection
	GlobalSection(ProjectConfigurationPlatforms) = postSolution
		{1276B91D-19F0-4BD3-8850-1AF233BE21ED}.Debug|Any CPU.ActiveCfg = Debug|Any CPU
		{1276B91D-19F0-4BD3-8850-1AF233BE21ED}.Debug|Any CPU.Build.0 = Debug|Any CPU
		{1276B91D-19F0-4BD3-8850-1AF233BE21ED}.Release|Any CPU.ActiveCfg = Release|Any CPU
		{1276B91D-19F0-4BD3-8850-1AF233BE21ED}.Release|Any CPU.Build.0 = Release|Any CPU
		{6E3A4D3E-09A2-4C89-8E86-638A9CAE7C01}.Debug|Any CPU.ActiveCfg = Debug|Any CPU
		{6E3A4D3E-09A2-4C89-8E86-638A9CAE7C01}.Debug|Any CPU.Build.0 = Debug|Any CPU
		{6E3A4D3E-09A2-4C89-8E86-638A9CAE7C01}.Release|Any CPU.ActiveCfg = Release|Any CPU
		{6E3A4D3E-09A2-4C89-8E86-638A9CAE7C01}.Release|Any CPU.Build.0 = Release|Any CPU
		{41E7093F-7D87-410D-B33B-AA0349C694AD}.Debug|Any CPU.ActiveCfg = Debug|Any CPU
		{41E7093F-7D87-410D-B33B-AA0349C694AD}.Debug|Any CPU.Build.0 = Debug|Any CPU
		{41E7093F-7D87-410D-B33B-AA0349C694AD}.Release|Any CPU.ActiveCfg = Release|Any CPU
		{41E7093F-7D87-410D-B33B-AA0349C694AD}.Release|Any CPU.Build.0 = Release|Any CPU
		{28FEDDF4-8F14-492A-BA89-E23F30110FAB}.Debug|Any CPU.ActiveCfg = Debug|Any CPU
		{28FEDDF4-8F14-492A-BA89-E23F30110FAB}.Debug|Any CPU.Build.0 = Debug|Any CPU
		{28FEDDF4-8F14-492A-BA89-E23F30110FAB}.Release|Any CPU.ActiveCfg = Release|Any CPU
		{28FEDDF4-8F14-492A-BA89-E23F30110FAB}.Release|Any CPU.Build.0 = Release|Any CPU
		{759A6190-A3FD-4F60-BC2A-BDBD59AC71C3}.Debug|Any CPU.ActiveCfg = Debug|Any CPU
		{759A6190-A3FD-4F60-BC2A-BDBD59AC71C3}.Debug|Any CPU.Build.0 = Debug|Any CPU
		{759A6190-A3FD-4F60-BC2A-BDBD59AC71C3}.Release|Any CPU.ActiveCfg = Release|Any CPU
		{759A6190-A3FD-4F60-BC2A-BDBD59AC71C3}.Release|Any CPU.Build.0 = Release|Any CPU
		{F6D831D9-BAB9-4E33-989E-E7AF5521122D}.Debug|Any CPU.ActiveCfg = Debug|Any CPU
		{F6D831D9-BAB9-4E33-989E-E7AF5521122D}.Debug|Any CPU.Build.0 = Debug|Any CPU
		{F6D831D9-BAB9-4E33-989E-E7AF5521122D}.Release|Any CPU.ActiveCfg = Release|Any CPU
		{F6D831D9-BAB9-4E33-989E-E7AF5521122D}.Release|Any CPU.Build.0 = Release|Any CPU
		{313B3851-073E-4989-B1F6-2E8240DF43A8}.Debug|Any CPU.ActiveCfg = Debug|Any CPU
		{313B3851-073E-4989-B1F6-2E8240DF43A8}.Debug|Any CPU.Build.0 = Debug|Any CPU
		{313B3851-073E-4989-B1F6-2E8240DF43A8}.Release|Any CPU.ActiveCfg = Release|Any CPU
		{313B3851-073E-4989-B1F6-2E8240DF43A8}.Release|Any CPU.Build.0 = Release|Any CPU
	EndGlobalSection
	GlobalSection(SolutionProperties) = preSolution
		HideSolutionNode = FALSE
	EndGlobalSection
	GlobalSection(ExtensibilityGlobals) = postSolution
		SolutionGuid = {76384D9C-FFA2-4EB2-B8A9-6D07FA4A24F8}
	EndGlobalSection
EndGlobal
